
Microsoft Visual Studio Solution File, Format Version 12.00
# Visual Studio Version 17
VisualStudioVersion = 17.3.32901.215
MinimumVisualStudioVersion = 10.0.40219.1
Project("{8BC9CEB8-8B4A-11D0-8D11-00A0C91BC942}") = "ATM_SYSTEM", "ATM_SYSTEM.vcxproj", "{46560AF7-246F-4307-9382-5F47B8B15CBB}"
EndProject
Global
	GlobalSection(SolutionConfigurationPlatforms) = preSolution
		Debug|x64 = Debug|x64
		Debug|x86 = Debug|x86
		Release|x64 = Release|x64
		Release|x86 = Release|x86
	EndGlobalSection
	GlobalSection(ProjectConfigurationPlatforms) = postSolution
		{46560AF7-246F-4307-9382-5F47B8B15CBB}.Debug|x64.ActiveCfg = Debug|x64
		{46560AF7-246F-4307-9382-5F47B8B15CBB}.Debug|x64.Build.0 = Debug|x64
		{46560AF7-246F-4307-9382-5F47B8B15CBB}.Debug|x86.ActiveCfg = Debug|Win32
		{46560AF7-246F-4307-9382-5F47B8B15CBB}.Debug|x86.Build.0 = Debug|Win32
		{46560AF7-246F-4307-9382-5F47B8B15CBB}.Release|x64.ActiveCfg = Release|x64
		{46560AF7-246F-4307-9382-5F47B8B15CBB}.Release|x64.Build.0 = Release|x64
		{46560AF7-246F-4307-9382-5F47B8B15CBB}.Release|x86.ActiveCfg = Release|Win32
		{46560AF7-246F-4307-9382-5F47B8B15CBB}.Release|x86.Build.0 = Release|Win32
	EndGlobalSection
	GlobalSection(SolutionProperties) = preSolution
		HideSolutionNode = FALSE
	EndGlobalSection
	GlobalSection(ExtensibilityGlobals) = postSolution
		SolutionGuid = {2862734C-B7EA-49BE-97B2-993072378305}
	EndGlobalSection
EndGlobal
